// !$*UTF8*$!
{
	archiveVersion = 1;
	classes = {
	};
	objectVersion = 56;
	objects = {

/* Begin PBXBuildFile section */
		A31BA0EC2B6B577D00636655 /* Alerts.swift in Sources */ = {isa = PBXBuildFile; fileRef = A31BA0EB2B6B577D00636655 /* Alerts.swift */; };
		A31BA0EE2B6B57FF00636655 /* KHError.swift in Sources */ = {isa = PBXBuildFile; fileRef = A31BA0ED2B6B57FF00636655 /* KHError.swift */; };
		A31BA0F12B6C3FF600636655 /* String+Ext.swift in Sources */ = {isa = PBXBuildFile; fileRef = A31BA0F02B6C3FF600636655 /* String+Ext.swift */; };
		A31BA0F32B6C429400636655 /* LoginViewModel.swift in Sources */ = {isa = PBXBuildFile; fileRef = A31BA0F22B6C429400636655 /* LoginViewModel.swift */; };
		A335FEC42B70304E000DB157 /* ProfileButton.swift in Sources */ = {isa = PBXBuildFile; fileRef = A335FEC32B70304E000DB157 /* ProfileButton.swift */; };
		A335FEC62B7039C5000DB157 /* SectionView.swift in Sources */ = {isa = PBXBuildFile; fileRef = A335FEC52B7039C5000DB157 /* SectionView.swift */; };
		A335FEC92B715098000DB157 /* SmallPrimaryBtn.swift in Sources */ = {isa = PBXBuildFile; fileRef = A335FEC82B715098000DB157 /* SmallPrimaryBtn.swift */; };
		A335FECC2B729FA1000DB157 /* CreateAccountView.swift in Sources */ = {isa = PBXBuildFile; fileRef = A335FECB2B729FA1000DB157 /* CreateAccountView.swift */; };
		A335FECE2B72B01C000DB157 /* KHName.swift in Sources */ = {isa = PBXBuildFile; fileRef = A335FECD2B72B01C000DB157 /* KHName.swift */; };
		A335FF0C2B8FC536000DB157 /* TextField+Ext.swift in Sources */ = {isa = PBXBuildFile; fileRef = A335FF0B2B8FC536000DB157 /* TextField+Ext.swift */; };
		A335FF0E2B8FE4C3000DB157 /* GoogleService-Info.plist in Resources */ = {isa = PBXBuildFile; fileRef = A335FF0D2B8FE4C3000DB157 /* GoogleService-Info.plist */; };
		A335FF112B8FE857000DB157 /* FirebaseAnalytics in Frameworks */ = {isa = PBXBuildFile; productRef = A335FF102B8FE857000DB157 /* FirebaseAnalytics */; };
		A335FF132B8FE857000DB157 /* FirebaseAnalyticsOnDeviceConversion in Frameworks */ = {isa = PBXBuildFile; productRef = A335FF122B8FE857000DB157 /* FirebaseAnalyticsOnDeviceConversion */; };
		A335FF152B8FE857000DB157 /* FirebaseAnalyticsSwift in Frameworks */ = {isa = PBXBuildFile; productRef = A335FF142B8FE857000DB157 /* FirebaseAnalyticsSwift */; };
		A335FF172B8FE857000DB157 /* FirebaseAnalyticsWithoutAdIdSupport in Frameworks */ = {isa = PBXBuildFile; productRef = A335FF162B8FE857000DB157 /* FirebaseAnalyticsWithoutAdIdSupport */; };
		A335FF192B8FE857000DB157 /* FirebaseAppCheck in Frameworks */ = {isa = PBXBuildFile; productRef = A335FF182B8FE857000DB157 /* FirebaseAppCheck */; };
		A335FF1B2B8FE857000DB157 /* FirebaseAppDistribution-Beta in Frameworks */ = {isa = PBXBuildFile; productRef = A335FF1A2B8FE857000DB157 /* FirebaseAppDistribution-Beta */; };
		A335FF1D2B8FE857000DB157 /* FirebaseAuth in Frameworks */ = {isa = PBXBuildFile; productRef = A335FF1C2B8FE857000DB157 /* FirebaseAuth */; };
		A335FF1F2B8FE857000DB157 /* FirebaseAuthCombine-Community in Frameworks */ = {isa = PBXBuildFile; productRef = A335FF1E2B8FE857000DB157 /* FirebaseAuthCombine-Community */; };
		A335FF212B8FE857000DB157 /* FirebaseCrashlytics in Frameworks */ = {isa = PBXBuildFile; productRef = A335FF202B8FE857000DB157 /* FirebaseCrashlytics */; };
		A335FF232B8FE857000DB157 /* FirebaseDatabase in Frameworks */ = {isa = PBXBuildFile; productRef = A335FF222B8FE857000DB157 /* FirebaseDatabase */; };
		A335FF252B8FE857000DB157 /* FirebaseDatabaseSwift in Frameworks */ = {isa = PBXBuildFile; productRef = A335FF242B8FE857000DB157 /* FirebaseDatabaseSwift */; };
		A335FF272B8FE857000DB157 /* FirebaseFirestore in Frameworks */ = {isa = PBXBuildFile; productRef = A335FF262B8FE857000DB157 /* FirebaseFirestore */; };
		A335FF292B8FE857000DB157 /* FirebaseFirestoreCombine-Community in Frameworks */ = {isa = PBXBuildFile; productRef = A335FF282B8FE857000DB157 /* FirebaseFirestoreCombine-Community */; };
		A335FF2B2B8FE857000DB157 /* FirebaseFirestoreSwift in Frameworks */ = {isa = PBXBuildFile; productRef = A335FF2A2B8FE857000DB157 /* FirebaseFirestoreSwift */; };
		A335FF2D2B8FE857000DB157 /* FirebaseInstallations in Frameworks */ = {isa = PBXBuildFile; productRef = A335FF2C2B8FE857000DB157 /* FirebaseInstallations */; };
		A335FF2F2B8FE857000DB157 /* FirebasePerformance in Frameworks */ = {isa = PBXBuildFile; productRef = A335FF2E2B8FE857000DB157 /* FirebasePerformance */; };
		A335FF312B8FE857000DB157 /* FirebaseRemoteConfig in Frameworks */ = {isa = PBXBuildFile; productRef = A335FF302B8FE857000DB157 /* FirebaseRemoteConfig */; };
		A335FF332B8FE857000DB157 /* FirebaseRemoteConfigSwift in Frameworks */ = {isa = PBXBuildFile; productRef = A335FF322B8FE857000DB157 /* FirebaseRemoteConfigSwift */; };
		A33EE77D2B4F260400937593 /* KodeHausApp.swift in Sources */ = {isa = PBXBuildFile; fileRef = A33EE77C2B4F260400937593 /* KodeHausApp.swift */; };
		A33EE7812B4F260700937593 /* Assets.xcassets in Resources */ = {isa = PBXBuildFile; fileRef = A33EE7802B4F260700937593 /* Assets.xcassets */; };
		A33EE7842B4F260700937593 /* Preview Assets.xcassets in Resources */ = {isa = PBXBuildFile; fileRef = A33EE7832B4F260700937593 /* Preview Assets.xcassets */; };
		A33EE78D2B4F267000937593 /* LoginView.swift in Sources */ = {isa = PBXBuildFile; fileRef = A33EE78C2B4F267000937593 /* LoginView.swift */; };
		A33EE78F2B4F26C000937593 /* TabViews.swift in Sources */ = {isa = PBXBuildFile; fileRef = A33EE78E2B4F26C000937593 /* TabViews.swift */; };
		A33EE7922B4F278100937593 /* ProfileView.swift in Sources */ = {isa = PBXBuildFile; fileRef = A33EE7912B4F278100937593 /* ProfileView.swift */; };
		A3E0278F2B5F83510083821C /* PrimaryBtn.swift in Sources */ = {isa = PBXBuildFile; fileRef = A3E0278E2B5F83510083821C /* PrimaryBtn.swift */; };
		A3E027912B5F835F0083821C /* SecondaryBtn.swift in Sources */ = {isa = PBXBuildFile; fileRef = A3E027902B5F835F0083821C /* SecondaryBtn.swift */; };
/* End PBXBuildFile section */

/* Begin PBXFileReference section */
		A31BA0EB2B6B577D00636655 /* Alerts.swift */ = {isa = PBXFileReference; lastKnownFileType = sourcecode.swift; path = Alerts.swift; sourceTree = "<group>"; };
		A31BA0ED2B6B57FF00636655 /* KHError.swift */ = {isa = PBXFileReference; lastKnownFileType = sourcecode.swift; path = KHError.swift; sourceTree = "<group>"; };
		A31BA0F02B6C3FF600636655 /* String+Ext.swift */ = {isa = PBXFileReference; lastKnownFileType = sourcecode.swift; path = "String+Ext.swift"; sourceTree = "<group>"; };
		A31BA0F22B6C429400636655 /* LoginViewModel.swift */ = {isa = PBXFileReference; lastKnownFileType = sourcecode.swift; path = LoginViewModel.swift; sourceTree = "<group>"; };
		A335FEC32B70304E000DB157 /* ProfileButton.swift */ = {isa = PBXFileReference; lastKnownFileType = sourcecode.swift; path = ProfileButton.swift; sourceTree = "<group>"; };
		A335FEC52B7039C5000DB157 /* SectionView.swift */ = {isa = PBXFileReference; lastKnownFileType = sourcecode.swift; path = SectionView.swift; sourceTree = "<group>"; };
		A335FEC82B715098000DB157 /* SmallPrimaryBtn.swift */ = {isa = PBXFileReference; lastKnownFileType = sourcecode.swift; path = SmallPrimaryBtn.swift; sourceTree = "<group>"; };
		A335FECB2B729FA1000DB157 /* CreateAccountView.swift */ = {isa = PBXFileReference; lastKnownFileType = sourcecode.swift; path = CreateAccountView.swift; sourceTree = "<group>"; };
		A335FECD2B72B01C000DB157 /* KHName.swift */ = {isa = PBXFileReference; lastKnownFileType = sourcecode.swift; path = KHName.swift; sourceTree = "<group>"; };
		A335FF0B2B8FC536000DB157 /* TextField+Ext.swift */ = {isa = PBXFileReference; lastKnownFileType = sourcecode.swift; path = "TextField+Ext.swift"; sourceTree = "<group>"; };
		A335FF0D2B8FE4C3000DB157 /* GoogleService-Info.plist */ = {isa = PBXFileReference; fileEncoding = 4; lastKnownFileType = text.plist.xml; path = "GoogleService-Info.plist"; sourceTree = "<group>"; };
		A33EE7792B4F260400937593 /* KodeHaus.app */ = {isa = PBXFileReference; explicitFileType = wrapper.application; includeInIndex = 0; path = KodeHaus.app; sourceTree = BUILT_PRODUCTS_DIR; };
		A33EE77C2B4F260400937593 /* KodeHausApp.swift */ = {isa = PBXFileReference; lastKnownFileType = sourcecode.swift; path = KodeHausApp.swift; sourceTree = "<group>"; };
		A33EE7802B4F260700937593 /* Assets.xcassets */ = {isa = PBXFileReference; lastKnownFileType = folder.assetcatalog; path = Assets.xcassets; sourceTree = "<group>"; };
		A33EE7832B4F260700937593 /* Preview Assets.xcassets */ = {isa = PBXFileReference; lastKnownFileType = folder.assetcatalog; path = "Preview Assets.xcassets"; sourceTree = "<group>"; };
		A33EE78C2B4F267000937593 /* LoginView.swift */ = {isa = PBXFileReference; lastKnownFileType = sourcecode.swift; path = LoginView.swift; sourceTree = "<group>"; };
		A33EE78E2B4F26C000937593 /* TabViews.swift */ = {isa = PBXFileReference; lastKnownFileType = sourcecode.swift; path = TabViews.swift; sourceTree = "<group>"; };
		A33EE7912B4F278100937593 /* ProfileView.swift */ = {isa = PBXFileReference; lastKnownFileType = sourcecode.swift; path = ProfileView.swift; sourceTree = "<group>"; };
		A3E0278E2B5F83510083821C /* PrimaryBtn.swift */ = {isa = PBXFileReference; lastKnownFileType = sourcecode.swift; path = PrimaryBtn.swift; sourceTree = "<group>"; };
		A3E027902B5F835F0083821C /* SecondaryBtn.swift */ = {isa = PBXFileReference; lastKnownFileType = sourcecode.swift; path = SecondaryBtn.swift; sourceTree = "<group>"; };
/* End PBXFileReference section */

/* Begin PBXFrameworksBuildPhase section */
		A33EE7762B4F260400937593 /* Frameworks */ = {
			isa = PBXFrameworksBuildPhase;
			buildActionMask = 2147483647;
			files = (
				A335FF292B8FE857000DB157 /* FirebaseFirestoreCombine-Community in Frameworks */,
				A335FF232B8FE857000DB157 /* FirebaseDatabase in Frameworks */,
				A335FF152B8FE857000DB157 /* FirebaseAnalyticsSwift in Frameworks */,
				A335FF332B8FE857000DB157 /* FirebaseRemoteConfigSwift in Frameworks */,
				A335FF2B2B8FE857000DB157 /* FirebaseFirestoreSwift in Frameworks */,
				A335FF312B8FE857000DB157 /* FirebaseRemoteConfig in Frameworks */,
				A335FF112B8FE857000DB157 /* FirebaseAnalytics in Frameworks */,
				A335FF132B8FE857000DB157 /* FirebaseAnalyticsOnDeviceConversion in Frameworks */,
				A335FF2F2B8FE857000DB157 /* FirebasePerformance in Frameworks */,
				A335FF192B8FE857000DB157 /* FirebaseAppCheck in Frameworks */,
				A335FF272B8FE857000DB157 /* FirebaseFirestore in Frameworks */,
				A335FF172B8FE857000DB157 /* FirebaseAnalyticsWithoutAdIdSupport in Frameworks */,
				A335FF2D2B8FE857000DB157 /* FirebaseInstallations in Frameworks */,
				A335FF1D2B8FE857000DB157 /* FirebaseAuth in Frameworks */,
				A335FF212B8FE857000DB157 /* FirebaseCrashlytics in Frameworks */,
				A335FF252B8FE857000DB157 /* FirebaseDatabaseSwift in Frameworks */,
				A335FF1B2B8FE857000DB157 /* FirebaseAppDistribution-Beta in Frameworks */,
				A335FF1F2B8FE857000DB157 /* FirebaseAuthCombine-Community in Frameworks */,
			);
			runOnlyForDeploymentPostprocessing = 0;
		};
/* End PBXFrameworksBuildPhase section */

/* Begin PBXGroup section */
		A31BA0E92B6B570200636655 /* Alerts */ = {
			isa = PBXGroup;
			children = (
				A31BA0EB2B6B577D00636655 /* Alerts.swift */,
				A31BA0ED2B6B57FF00636655 /* KHError.swift */,
			);
			path = Alerts;
			sourceTree = "<group>";
		};
		A31BA0EA2B6B574600636655 /* Utilities */ = {
			isa = PBXGroup;
			children = (
				A31BA0EF2B6C3FE500636655 /* Extensions */,
				A31BA0E92B6B570200636655 /* Alerts */,
			);
			path = Utilities;
			sourceTree = "<group>";
		};
		A31BA0EF2B6C3FE500636655 /* Extensions */ = {
			isa = PBXGroup;
			children = (
				A31BA0F02B6C3FF600636655 /* String+Ext.swift */,
				A335FF0B2B8FC536000DB157 /* TextField+Ext.swift */,
			);
			path = Extensions;
			sourceTree = "<group>";
		};
		A335FEC72B7039CA000DB157 /* SectionView */ = {
			isa = PBXGroup;
			children = (
				A335FEC52B7039C5000DB157 /* SectionView.swift */,
				A335FECD2B72B01C000DB157 /* KHName.swift */,
			);
			path = SectionView;
			sourceTree = "<group>";
		};
		A335FF382B926478000DB157 /* Model */ = {
			isa = PBXGroup;
			children = (
			);
			path = Model;
			sourceTree = "<group>";
		};
		A33EE7702B4F260400937593 = {
			isa = PBXGroup;
			children = (
				A33EE77B2B4F260400937593 /* KodeHaus */,
				A33EE77A2B4F260400937593 /* Products */,
			);
			sourceTree = "<group>";
		};
		A33EE77A2B4F260400937593 /* Products */ = {
			isa = PBXGroup;
			children = (
				A33EE7792B4F260400937593 /* KodeHaus.app */,
			);
			name = Products;
			sourceTree = "<group>";
		};
		A33EE77B2B4F260400937593 /* KodeHaus */ = {
			isa = PBXGroup;
			children = (
				A335FF382B926478000DB157 /* Model */,
				A31BA0EA2B6B574600636655 /* Utilities */,
				A3E0278C2B5F82B30083821C /* Views */,
				A33EE78B2B4F265700937593 /* Screens */,
				A33EE77C2B4F260400937593 /* KodeHausApp.swift */,
				A33EE7802B4F260700937593 /* Assets.xcassets */,
				A335FF0D2B8FE4C3000DB157 /* GoogleService-Info.plist */,
				A33EE7822B4F260700937593 /* Preview_Content */,
			);
			path = KodeHaus;
			sourceTree = "<group>";
		};
		A33EE7822B4F260700937593 /* Preview_Content */ = {
			isa = PBXGroup;
			children = (
				A33EE7832B4F260700937593 /* Preview Assets.xcassets */,
			);
			path = Preview_Content;
			sourceTree = "<group>";
		};
		A33EE78A2B4F264E00937593 /* Login */ = {
			isa = PBXGroup;
			children = (
				A31BA0F22B6C429400636655 /* LoginViewModel.swift */,
				A33EE78C2B4F267000937593 /* LoginView.swift */,
				A335FECB2B729FA1000DB157 /* CreateAccountView.swift */,
			);
			path = Login;
			sourceTree = "<group>";
		};
		A33EE78B2B4F265700937593 /* Screens */ = {
			isa = PBXGroup;
			children = (
				A33EE78E2B4F26C000937593 /* TabViews.swift */,
				A33EE78A2B4F264E00937593 /* Login */,
				A33EE7902B4F277000937593 /* Profile */,
			);
			path = Screens;
			sourceTree = "<group>";
		};
		A33EE7902B4F277000937593 /* Profile */ = {
			isa = PBXGroup;
			children = (
				A33EE7912B4F278100937593 /* ProfileView.swift */,
			);
			path = Profile;
			sourceTree = "<group>";
		};
		A3E0278C2B5F82B30083821C /* Views */ = {
			isa = PBXGroup;
			children = (
				A3E0278D2B5F82E00083821C /* Buttons */,
				A335FEC72B7039CA000DB157 /* SectionView */,
			);
			path = Views;
			sourceTree = "<group>";
		};
		A3E0278D2B5F82E00083821C /* Buttons */ = {
			isa = PBXGroup;
			children = (
				A3E0278E2B5F83510083821C /* PrimaryBtn.swift */,
				A335FEC82B715098000DB157 /* SmallPrimaryBtn.swift */,
				A3E027902B5F835F0083821C /* SecondaryBtn.swift */,
				A335FEC32B70304E000DB157 /* ProfileButton.swift */,
			);
			path = Buttons;
			sourceTree = "<group>";
		};
/* End PBXGroup section */

/* Begin PBXNativeTarget section */
		A33EE7782B4F260400937593 /* KodeHaus */ = {
			isa = PBXNativeTarget;
			buildConfigurationList = A33EE7872B4F260700937593 /* Build configuration list for PBXNativeTarget "KodeHaus" */;
			buildPhases = (
				A33EE7752B4F260400937593 /* Sources */,
				A33EE7762B4F260400937593 /* Frameworks */,
				A33EE7772B4F260400937593 /* Resources */,
			);
			buildRules = (
			);
			dependencies = (
			);
			name = KodeHaus;
			packageProductDependencies = (
				A335FF102B8FE857000DB157 /* FirebaseAnalytics */,
				A335FF122B8FE857000DB157 /* FirebaseAnalyticsOnDeviceConversion */,
				A335FF142B8FE857000DB157 /* FirebaseAnalyticsSwift */,
				A335FF162B8FE857000DB157 /* FirebaseAnalyticsWithoutAdIdSupport */,
				A335FF182B8FE857000DB157 /* FirebaseAppCheck */,
				A335FF1A2B8FE857000DB157 /* FirebaseAppDistribution-Beta */,
				A335FF1C2B8FE857000DB157 /* FirebaseAuth */,
				A335FF1E2B8FE857000DB157 /* FirebaseAuthCombine-Community */,
				A335FF202B8FE857000DB157 /* FirebaseCrashlytics */,
				A335FF222B8FE857000DB157 /* FirebaseDatabase */,
				A335FF242B8FE857000DB157 /* FirebaseDatabaseSwift */,
				A335FF262B8FE857000DB157 /* FirebaseFirestore */,
				A335FF282B8FE857000DB157 /* FirebaseFirestoreCombine-Community */,
				A335FF2A2B8FE857000DB157 /* FirebaseFirestoreSwift */,
				A335FF2C2B8FE857000DB157 /* FirebaseInstallations */,
				A335FF2E2B8FE857000DB157 /* FirebasePerformance */,
				A335FF302B8FE857000DB157 /* FirebaseRemoteConfig */,
				A335FF322B8FE857000DB157 /* FirebaseRemoteConfigSwift */,
			);
			productName = ByteBuddies;
			productReference = A33EE7792B4F260400937593 /* KodeHaus.app */;
			productType = "com.apple.product-type.application";
		};
/* End PBXNativeTarget section */

/* Begin PBXProject section */
		A33EE7712B4F260400937593 /* Project object */ = {
			isa = PBXProject;
			attributes = {
				BuildIndependentTargetsInParallel = 1;
				LastSwiftUpdateCheck = 1500;
				LastUpgradeCheck = 1500;
				TargetAttributes = {
					A33EE7782B4F260400937593 = {
						CreatedOnToolsVersion = 15.0.1;
					};
				};
			};
			buildConfigurationList = A33EE7742B4F260400937593 /* Build configuration list for PBXProject "KodeHaus" */;
			compatibilityVersion = "Xcode 14.0";
			developmentRegion = en;
			hasScannedForEncodings = 0;
			knownRegions = (
				en,
				Base,
			);
			mainGroup = A33EE7702B4F260400937593;
			packageReferences = (
				A335FF0F2B8FE857000DB157 /* XCRemoteSwiftPackageReference "firebase-ios-sdk" */,
			);
			productRefGroup = A33EE77A2B4F260400937593 /* Products */;
			projectDirPath = "";
			projectRoot = "";
			targets = (
				A33EE7782B4F260400937593 /* KodeHaus */,
			);
		};
/* End PBXProject section */

/* Begin PBXResourcesBuildPhase section */
		A33EE7772B4F260400937593 /* Resources */ = {
			isa = PBXResourcesBuildPhase;
			buildActionMask = 2147483647;
			files = (
				A33EE7842B4F260700937593 /* Preview Assets.xcassets in Resources */,
				A33EE7812B4F260700937593 /* Assets.xcassets in Resources */,
				A335FF0E2B8FE4C3000DB157 /* GoogleService-Info.plist in Resources */,
			);
			runOnlyForDeploymentPostprocessing = 0;
		};
/* End PBXResourcesBuildPhase section */

/* Begin PBXSourcesBuildPhase section */
		A33EE7752B4F260400937593 /* Sources */ = {
			isa = PBXSourcesBuildPhase;
			buildActionMask = 2147483647;
			files = (
				A31BA0F12B6C3FF600636655 /* String+Ext.swift in Sources */,
				A335FEC62B7039C5000DB157 /* SectionView.swift in Sources */,
				A3E0278F2B5F83510083821C /* PrimaryBtn.swift in Sources */,
				A335FF0C2B8FC536000DB157 /* TextField+Ext.swift in Sources */,
				A31BA0EE2B6B57FF00636655 /* KHError.swift in Sources */,
				A335FEC42B70304E000DB157 /* ProfileButton.swift in Sources */,
				A33EE78D2B4F267000937593 /* LoginView.swift in Sources */,
				A33EE7922B4F278100937593 /* ProfileView.swift in Sources */,
				A33EE78F2B4F26C000937593 /* TabViews.swift in Sources */,
				A33EE77D2B4F260400937593 /* KodeHausApp.swift in Sources */,
				A335FEC92B715098000DB157 /* SmallPrimaryBtn.swift in Sources */,
				A335FECC2B729FA1000DB157 /* CreateAccountView.swift in Sources */,
				A31BA0EC2B6B577D00636655 /* Alerts.swift in Sources */,
				A31BA0F32B6C429400636655 /* LoginViewModel.swift in Sources */,
				A3E027912B5F835F0083821C /* SecondaryBtn.swift in Sources */,
				A335FECE2B72B01C000DB157 /* KHName.swift in Sources */,
			);
			runOnlyForDeploymentPostprocessing = 0;
		};
/* End PBXSourcesBuildPhase section */

/* Begin XCBuildConfiguration section */
		A33EE7852B4F260700937593 /* Debug */ = {
			isa = XCBuildConfiguration;
			buildSettings = {
				ALWAYS_SEARCH_USER_PATHS = NO;
				ASSETCATALOG_COMPILER_GENERATE_SWIFT_ASSET_SYMBOL_EXTENSIONS = YES;
				CLANG_ANALYZER_NONNULL = YES;
				CLANG_ANALYZER_NUMBER_OBJECT_CONVERSION = YES_AGGRESSIVE;
				CLANG_CXX_LANGUAGE_STANDARD = "gnu++20";
				CLANG_ENABLE_MODULES = YES;
				CLANG_ENABLE_OBJC_ARC = YES;
				CLANG_ENABLE_OBJC_WEAK = YES;
				CLANG_WARN_BLOCK_CAPTURE_AUTORELEASING = YES;
				CLANG_WARN_BOOL_CONVERSION = YES;
				CLANG_WARN_COMMA = YES;
				CLANG_WARN_CONSTANT_CONVERSION = YES;
				CLANG_WARN_DEPRECATED_OBJC_IMPLEMENTATIONS = YES;
				CLANG_WARN_DIRECT_OBJC_ISA_USAGE = YES_ERROR;
				CLANG_WARN_DOCUMENTATION_COMMENTS = YES;
				CLANG_WARN_EMPTY_BODY = YES;
				CLANG_WARN_ENUM_CONVERSION = YES;
				CLANG_WARN_INFINITE_RECURSION = YES;
				CLANG_WARN_INT_CONVERSION = YES;
				CLANG_WARN_NON_LITERAL_NULL_CONVERSION = YES;
				CLANG_WARN_OBJC_IMPLICIT_RETAIN_SELF = YES;
				CLANG_WARN_OBJC_LITERAL_CONVERSION = YES;
				CLANG_WARN_OBJC_ROOT_CLASS = YES_ERROR;
				CLANG_WARN_QUOTED_INCLUDE_IN_FRAMEWORK_HEADER = YES;
				CLANG_WARN_RANGE_LOOP_ANALYSIS = YES;
				CLANG_WARN_STRICT_PROTOTYPES = YES;
				CLANG_WARN_SUSPICIOUS_MOVE = YES;
				CLANG_WARN_UNGUARDED_AVAILABILITY = YES_AGGRESSIVE;
				CLANG_WARN_UNREACHABLE_CODE = YES;
				CLANG_WARN__DUPLICATE_METHOD_MATCH = YES;
				COPY_PHASE_STRIP = NO;
				DEBUG_INFORMATION_FORMAT = dwarf;
				ENABLE_STRICT_OBJC_MSGSEND = YES;
				ENABLE_TESTABILITY = YES;
				ENABLE_USER_SCRIPT_SANDBOXING = YES;
				GCC_C_LANGUAGE_STANDARD = gnu17;
				GCC_DYNAMIC_NO_PIC = NO;
				GCC_NO_COMMON_BLOCKS = YES;
				GCC_OPTIMIZATION_LEVEL = 0;
				GCC_PREPROCESSOR_DEFINITIONS = (
					"DEBUG=1",
					"$(inherited)",
				);
				GCC_WARN_64_TO_32_BIT_CONVERSION = YES;
				GCC_WARN_ABOUT_RETURN_TYPE = YES_ERROR;
				GCC_WARN_UNDECLARED_SELECTOR = YES;
				GCC_WARN_UNINITIALIZED_AUTOS = YES_AGGRESSIVE;
				GCC_WARN_UNUSED_FUNCTION = YES;
				GCC_WARN_UNUSED_VARIABLE = YES;
				IPHONEOS_DEPLOYMENT_TARGET = 17.0;
				LOCALIZATION_PREFERS_STRING_CATALOGS = YES;
				MTL_ENABLE_DEBUG_INFO = INCLUDE_SOURCE;
				MTL_FAST_MATH = YES;
				ONLY_ACTIVE_ARCH = YES;
				SDKROOT = iphoneos;
				SWIFT_ACTIVE_COMPILATION_CONDITIONS = "DEBUG $(inherited)";
				SWIFT_OPTIMIZATION_LEVEL = "-Onone";
			};
			name = Debug;
		};
		A33EE7862B4F260700937593 /* Release */ = {
			isa = XCBuildConfiguration;
			buildSettings = {
				ALWAYS_SEARCH_USER_PATHS = NO;
				ASSETCATALOG_COMPILER_GENERATE_SWIFT_ASSET_SYMBOL_EXTENSIONS = YES;
				CLANG_ANALYZER_NONNULL = YES;
				CLANG_ANALYZER_NUMBER_OBJECT_CONVERSION = YES_AGGRESSIVE;
				CLANG_CXX_LANGUAGE_STANDARD = "gnu++20";
				CLANG_ENABLE_MODULES = YES;
				CLANG_ENABLE_OBJC_ARC = YES;
				CLANG_ENABLE_OBJC_WEAK = YES;
				CLANG_WARN_BLOCK_CAPTURE_AUTORELEASING = YES;
				CLANG_WARN_BOOL_CONVERSION = YES;
				CLANG_WARN_COMMA = YES;
				CLANG_WARN_CONSTANT_CONVERSION = YES;
				CLANG_WARN_DEPRECATED_OBJC_IMPLEMENTATIONS = YES;
				CLANG_WARN_DIRECT_OBJC_ISA_USAGE = YES_ERROR;
				CLANG_WARN_DOCUMENTATION_COMMENTS = YES;
				CLANG_WARN_EMPTY_BODY = YES;
				CLANG_WARN_ENUM_CONVERSION = YES;
				CLANG_WARN_INFINITE_RECURSION = YES;
				CLANG_WARN_INT_CONVERSION = YES;
				CLANG_WARN_NON_LITERAL_NULL_CONVERSION = YES;
				CLANG_WARN_OBJC_IMPLICIT_RETAIN_SELF = YES;
				CLANG_WARN_OBJC_LITERAL_CONVERSION = YES;
				CLANG_WARN_OBJC_ROOT_CLASS = YES_ERROR;
				CLANG_WARN_QUOTED_INCLUDE_IN_FRAMEWORK_HEADER = YES;
				CLANG_WARN_RANGE_LOOP_ANALYSIS = YES;
				CLANG_WARN_STRICT_PROTOTYPES = YES;
				CLANG_WARN_SUSPICIOUS_MOVE = YES;
				CLANG_WARN_UNGUARDED_AVAILABILITY = YES_AGGRESSIVE;
				CLANG_WARN_UNREACHABLE_CODE = YES;
				CLANG_WARN__DUPLICATE_METHOD_MATCH = YES;
				COPY_PHASE_STRIP = NO;
				DEBUG_INFORMATION_FORMAT = "dwarf-with-dsym";
				ENABLE_NS_ASSERTIONS = NO;
				ENABLE_STRICT_OBJC_MSGSEND = YES;
				ENABLE_USER_SCRIPT_SANDBOXING = YES;
				GCC_C_LANGUAGE_STANDARD = gnu17;
				GCC_NO_COMMON_BLOCKS = YES;
				GCC_WARN_64_TO_32_BIT_CONVERSION = YES;
				GCC_WARN_ABOUT_RETURN_TYPE = YES_ERROR;
				GCC_WARN_UNDECLARED_SELECTOR = YES;
				GCC_WARN_UNINITIALIZED_AUTOS = YES_AGGRESSIVE;
				GCC_WARN_UNUSED_FUNCTION = YES;
				GCC_WARN_UNUSED_VARIABLE = YES;
				IPHONEOS_DEPLOYMENT_TARGET = 17.0;
				LOCALIZATION_PREFERS_STRING_CATALOGS = YES;
				MTL_ENABLE_DEBUG_INFO = NO;
				MTL_FAST_MATH = YES;
				SDKROOT = iphoneos;
				SWIFT_COMPILATION_MODE = wholemodule;
				VALIDATE_PRODUCT = YES;
			};
			name = Release;
		};
		A33EE7882B4F260700937593 /* Debug */ = {
			isa = XCBuildConfiguration;
			buildSettings = {
				ASSETCATALOG_COMPILER_APPICON_NAME = AppIcon;
				ASSETCATALOG_COMPILER_GLOBAL_ACCENT_COLOR_NAME = AccentColor;
				CODE_SIGN_STYLE = Automatic;
				CURRENT_PROJECT_VERSION = 2;
				DEVELOPMENT_ASSET_PATHS = "\"KodeHaus/Preview_Content\"";
				DEVELOPMENT_TEAM = M44U58AV3T;
				ENABLE_PREVIEWS = YES;
				GENERATE_INFOPLIST_FILE = YES;
				INFOPLIST_KEY_UIApplicationSceneManifest_Generation = YES;
				INFOPLIST_KEY_UIApplicationSupportsIndirectInputEvents = YES;
				INFOPLIST_KEY_UILaunchScreen_Generation = YES;
				INFOPLIST_KEY_UISupportedInterfaceOrientations = UIInterfaceOrientationPortrait;
				IPHONEOS_DEPLOYMENT_TARGET = 15.0;
				LD_RUNPATH_SEARCH_PATHS = (
					"$(inherited)",
					"@executable_path/Frameworks",
				);
				MARKETING_VERSION = 0.1.0;
				PRODUCT_BUNDLE_IDENTIFIER = co.DianaDee.KodeHaus;
				PRODUCT_NAME = "$(TARGET_NAME)";
				SUPPORTED_PLATFORMS = "iphoneos iphonesimulator";
				SUPPORTS_MACCATALYST = NO;
				SUPPORTS_MAC_DESIGNED_FOR_IPHONE_IPAD = NO;
				SUPPORTS_XR_DESIGNED_FOR_IPHONE_IPAD = NO;
				SWIFT_EMIT_LOC_STRINGS = YES;
				SWIFT_VERSION = 5.0;
				TARGETED_DEVICE_FAMILY = 1;
			};
			name = Debug;
		};
		A33EE7892B4F260700937593 /* Release */ = {
			isa = XCBuildConfiguration;
			buildSettings = {
				ASSETCATALOG_COMPILER_APPICON_NAME = AppIcon;
				ASSETCATALOG_COMPILER_GLOBAL_ACCENT_COLOR_NAME = AccentColor;
				CODE_SIGN_STYLE = Automatic;
				CURRENT_PROJECT_VERSION = 2;
				DEVELOPMENT_ASSET_PATHS = "\"KodeHaus/Preview_Content\"";
				DEVELOPMENT_TEAM = M44U58AV3T;
				ENABLE_PREVIEWS = YES;
				GENERATE_INFOPLIST_FILE = YES;
				INFOPLIST_KEY_UIApplicationSceneManifest_Generation = YES;
				INFOPLIST_KEY_UIApplicationSupportsIndirectInputEvents = YES;
				INFOPLIST_KEY_UILaunchScreen_Generation = YES;
				INFOPLIST_KEY_UISupportedInterfaceOrientations = UIInterfaceOrientationPortrait;
				IPHONEOS_DEPLOYMENT_TARGET = 15.0;
				LD_RUNPATH_SEARCH_PATHS = (
					"$(inherited)",
					"@executable_path/Frameworks",
				);
				MARKETING_VERSION = 0.1.0;
				PRODUCT_BUNDLE_IDENTIFIER = co.DianaDee.KodeHaus;
				PRODUCT_NAME = "$(TARGET_NAME)";
				SUPPORTED_PLATFORMS = "iphoneos iphonesimulator";
				SUPPORTS_MACCATALYST = NO;
				SUPPORTS_MAC_DESIGNED_FOR_IPHONE_IPAD = NO;
				SUPPORTS_XR_DESIGNED_FOR_IPHONE_IPAD = NO;
				SWIFT_EMIT_LOC_STRINGS = YES;
				SWIFT_VERSION = 5.0;
				TARGETED_DEVICE_FAMILY = 1;
			};
			name = Release;
		};
/* End XCBuildConfiguration section */

/* Begin XCConfigurationList section */
		A33EE7742B4F260400937593 /* Build configuration list for PBXProject "KodeHaus" */ = {
			isa = XCConfigurationList;
			buildConfigurations = (
				A33EE7852B4F260700937593 /* Debug */,
				A33EE7862B4F260700937593 /* Release */,
			);
			defaultConfigurationIsVisible = 0;
			defaultConfigurationName = Release;
		};
		A33EE7872B4F260700937593 /* Build configuration list for PBXNativeTarget "KodeHaus" */ = {
			isa = XCConfigurationList;
			buildConfigurations = (
				A33EE7882B4F260700937593 /* Debug */,
				A33EE7892B4F260700937593 /* Release */,
			);
			defaultConfigurationIsVisible = 0;
			defaultConfigurationName = Release;
		};
/* End XCConfigurationList section */

/* Begin XCRemoteSwiftPackageReference section */
		A335FF0F2B8FE857000DB157 /* XCRemoteSwiftPackageReference "firebase-ios-sdk" */ = {
			isa = XCRemoteSwiftPackageReference;
			repositoryURL = "https://github.com/firebase/firebase-ios-sdk.git";
			requirement = {
				kind = upToNextMajorVersion;
				minimumVersion = 10.21.0;
			};
		};
/* End XCRemoteSwiftPackageReference section */

/* Begin XCSwiftPackageProductDependency section */
		A335FF102B8FE857000DB157 /* FirebaseAnalytics */ = {
			isa = XCSwiftPackageProductDependency;
			package = A335FF0F2B8FE857000DB157 /* XCRemoteSwiftPackageReference "firebase-ios-sdk" */;
			productName = FirebaseAnalytics;
		};
		A335FF122B8FE857000DB157 /* FirebaseAnalyticsOnDeviceConversion */ = {
			isa = XCSwiftPackageProductDependency;
			package = A335FF0F2B8FE857000DB157 /* XCRemoteSwiftPackageReference "firebase-ios-sdk" */;
			productName = FirebaseAnalyticsOnDeviceConversion;
		};
		A335FF142B8FE857000DB157 /* FirebaseAnalyticsSwift */ = {
			isa = XCSwiftPackageProductDependency;
			package = A335FF0F2B8FE857000DB157 /* XCRemoteSwiftPackageReference "firebase-ios-sdk" */;
			productName = FirebaseAnalyticsSwift;
		};
		A335FF162B8FE857000DB157 /* FirebaseAnalyticsWithoutAdIdSupport */ = {
			isa = XCSwiftPackageProductDependency;
			package = A335FF0F2B8FE857000DB157 /* XCRemoteSwiftPackageReference "firebase-ios-sdk" */;
			productName = FirebaseAnalyticsWithoutAdIdSupport;
		};
		A335FF182B8FE857000DB157 /* FirebaseAppCheck */ = {
			isa = XCSwiftPackageProductDependency;
			package = A335FF0F2B8FE857000DB157 /* XCRemoteSwiftPackageReference "firebase-ios-sdk" */;
			productName = FirebaseAppCheck;
		};
		A335FF1A2B8FE857000DB157 /* FirebaseAppDistribution-Beta */ = {
			isa = XCSwiftPackageProductDependency;
			package = A335FF0F2B8FE857000DB157 /* XCRemoteSwiftPackageReference "firebase-ios-sdk" */;
			productName = "FirebaseAppDistribution-Beta";
		};
		A335FF1C2B8FE857000DB157 /* FirebaseAuth */ = {
			isa = XCSwiftPackageProductDependency;
			package = A335FF0F2B8FE857000DB157 /* XCRemoteSwiftPackageReference "firebase-ios-sdk" */;
			productName = FirebaseAuth;
		};
		A335FF1E2B8FE857000DB157 /* FirebaseAuthCombine-Community */ = {
			isa = XCSwiftPackageProductDependency;
			package = A335FF0F2B8FE857000DB157 /* XCRemoteSwiftPackageReference "firebase-ios-sdk" */;
			productName = "FirebaseAuthCombine-Community";
		};
		A335FF202B8FE857000DB157 /* FirebaseCrashlytics */ = {
			isa = XCSwiftPackageProductDependency;
			package = A335FF0F2B8FE857000DB157 /* XCRemoteSwiftPackageReference "firebase-ios-sdk" */;
			productName = FirebaseCrashlytics;
		};
		A335FF222B8FE857000DB157 /* FirebaseDatabase */ = {
			isa = XCSwiftPackageProductDependency;
			package = A335FF0F2B8FE857000DB157 /* XCRemoteSwiftPackageReference "firebase-ios-sdk" */;
			productName = FirebaseDatabase;
		};
		A335FF242B8FE857000DB157 /* FirebaseDatabaseSwift */ = {
			isa = XCSwiftPackageProductDependency;
			package = A335FF0F2B8FE857000DB157 /* XCRemoteSwiftPackageReference "firebase-ios-sdk" */;
			productName = FirebaseDatabaseSwift;
		};
		A335FF262B8FE857000DB157 /* FirebaseFirestore */ = {
			isa = XCSwiftPackageProductDependency;
			package = A335FF0F2B8FE857000DB157 /* XCRemoteSwiftPackageReference "firebase-ios-sdk" */;
			productName = FirebaseFirestore;
		};
		A335FF282B8FE857000DB157 /* FirebaseFirestoreCombine-Community */ = {
			isa = XCSwiftPackageProductDependency;
			package = A335FF0F2B8FE857000DB157 /* XCRemoteSwiftPackageReference "firebase-ios-sdk" */;
			productName = "FirebaseFirestoreCombine-Community";
		};
		A335FF2A2B8FE857000DB157 /* FirebaseFirestoreSwift */ = {
			isa = XCSwiftPackageProductDependency;
			package = A335FF0F2B8FE857000DB157 /* XCRemoteSwiftPackageReference "firebase-ios-sdk" */;
			productName = FirebaseFirestoreSwift;
		};
		A335FF2C2B8FE857000DB157 /* FirebaseInstallations */ = {
			isa = XCSwiftPackageProductDependency;
			package = A335FF0F2B8FE857000DB157 /* XCRemoteSwiftPackageReference "firebase-ios-sdk" */;
			productName = FirebaseInstallations;
		};
		A335FF2E2B8FE857000DB157 /* FirebasePerformance */ = {
			isa = XCSwiftPackageProductDependency;
			package = A335FF0F2B8FE857000DB157 /* XCRemoteSwiftPackageReference "firebase-ios-sdk" */;
			productName = FirebasePerformance;
		};
		A335FF302B8FE857000DB157 /* FirebaseRemoteConfig */ = {
			isa = XCSwiftPackageProductDependency;
			package = A335FF0F2B8FE857000DB157 /* XCRemoteSwiftPackageReference "firebase-ios-sdk" */;
			productName = FirebaseRemoteConfig;
		};
		A335FF322B8FE857000DB157 /* FirebaseRemoteConfigSwift */ = {
			isa = XCSwiftPackageProductDependency;
			package = A335FF0F2B8FE857000DB157 /* XCRemoteSwiftPackageReference "firebase-ios-sdk" */;
			productName = FirebaseRemoteConfigSwift;
		};
/* End XCSwiftPackageProductDependency section */
	};
	rootObject = A33EE7712B4F260400937593 /* Project object */;
}
